
Microsoft Visual Studio Solution File, Format Version 11.00
# Visual Studio 2010
Project("{FAE04EC0-301F-11D3-BF4B-00C04F79EFBC}") = "GDIDrawer", "GDIDrawer\GDIDrawer.csproj", "{0C1A2DA6-760D-4E53-9EDC-5670F35BBBD4}"
EndProject
Project("{FAE04EC0-301F-11D3-BF4B-00C04F79EFBC}") = "TestGDIDrawer", "TestGDIDrawer\TestGDIDrawer.csproj", "{946F08E9-0AB9-4A51-9F51-B8D33C4798EE}"
EndProject
Project("{FAE04EC0-301F-11D3-BF4B-00C04F79EFBC}") = "DrawerDemo", "DrawerDemo\DrawerDemo\DrawerDemo.csproj", "{57D74555-2252-43CE-A05D-0BDD190DEC62}"
EndProject
Global
	GlobalSection(SubversionScc) = preSolution
		Svn-Managed = True
		Manager = AnkhSVN - Subversion Support for Visual Studio
	EndGlobalSection
	GlobalSection(SolutionConfigurationPlatforms) = preSolution
		Debug|Any CPU = Debug|Any CPU
		Release|Any CPU = Release|Any CPU
	EndGlobalSection
	GlobalSection(ProjectConfigurationPlatforms) = postSolution
		{0C1A2DA6-760D-4E53-9EDC-5670F35BBBD4}.Debug|Any CPU.ActiveCfg = Debug|Any CPU
		{0C1A2DA6-760D-4E53-9EDC-5670F35BBBD4}.Debug|Any CPU.Build.0 = Debug|Any CPU
		{0C1A2DA6-760D-4E53-9EDC-5670F35BBBD4}.Release|Any CPU.ActiveCfg = Release|Any CPU
		{0C1A2DA6-760D-4E53-9EDC-5670F35BBBD4}.Release|Any CPU.Build.0 = Release|Any CPU
		{946F08E9-0AB9-4A51-9F51-B8D33C4798EE}.Debug|Any CPU.ActiveCfg = Debug|Any CPU
		{946F08E9-0AB9-4A51-9F51-B8D33C4798EE}.Debug|Any CPU.Build.0 = Debug|Any CPU
		{946F08E9-0AB9-4A51-9F51-B8D33C4798EE}.Release|Any CPU.ActiveCfg = Release|Any CPU
		{946F08E9-0AB9-4A51-9F51-B8D33C4798EE}.Release|Any CPU.Build.0 = Release|Any CPU
		{57D74555-2252-43CE-A05D-0BDD190DEC62}.Debug|Any CPU.ActiveCfg = Debug|Any CPU
		{57D74555-2252-43CE-A05D-0BDD190DEC62}.Debug|Any CPU.Build.0 = Debug|Any CPU
		{57D74555-2252-43CE-A05D-0BDD190DEC62}.Release|Any CPU.ActiveCfg = Release|Any CPU
		{57D74555-2252-43CE-A05D-0BDD190DEC62}.Release|Any CPU.Build.0 = Release|Any CPU
	EndGlobalSection
	GlobalSection(SolutionProperties) = preSolution
		HideSolutionNode = FALSE
	EndGlobalSection
EndGlobal
